
Microsoft Visual Studio Solution File, Format Version 12.00
# Visual Studio Version 16
VisualStudioVersion = 16.0.30225.117
MinimumVisualStudioVersion = 10.0.40219.1
Project("{FAE04EC0-301F-11D3-BF4B-00C04F79EFBC}") = "DocumentSerials", "DocumentSerials\DocumentSerials.csproj", "{E8807997-274C-48CD-8FBA-A026F8779305}"
EndProject
Global
	GlobalSection(SolutionConfigurationPlatforms) = preSolution
		Debug|Any CPU = Debug|Any CPU
		Release|Any CPU = Release|Any CPU
	EndGlobalSection
	GlobalSection(ProjectConfigurationPlatforms) = postSolution
		{E8807997-274C-48CD-8FBA-A026F8779305}.Debug|Any CPU.ActiveCfg = Debug|Any CPU
		{E8807997-274C-48CD-8FBA-A026F8779305}.Debug|Any CPU.Build.0 = Debug|Any CPU
		{E8807997-274C-48CD-8FBA-A026F8779305}.Release|Any CPU.ActiveCfg = Release|Any CPU
		{E8807997-274C-48CD-8FBA-A026F8779305}.Release|Any CPU.Build.0 = Release|Any CPU
	EndGlobalSection
	GlobalSection(SolutionProperties) = preSolution
		HideSolutionNode = FALSE
	EndGlobalSection
	GlobalSection(ExtensibilityGlobals) = postSolution
		SolutionGuid = {F549184A-C12C-4E97-9948-04CB1A286529}
	EndGlobalSection
EndGlobal
